{
  "requires": true,
  "lockfileVersion": 1,
  "dependencies": {
    "sweetalert2": {
      "version": "10.12.7",
      "resolved": "https://registry.npmjs.org/sweetalert2/-/sweetalert2-10.12.7.tgz",
      "integrity": "sha512-nzT2WtZSxu8ZAeqYlfIri+Wuf3OWH+g4rR0rcoFgApACoHTrW+0iqLUXtZ7OdpDERIKvJi1EKNAbvKSN34Hbcg=="
    }
  }
}
